
Microsoft Visual Studio Solution File, Format Version 12.00
# Visual Studio Version 17
VisualStudioVersion = 17.10.35027.167
MinimumVisualStudioVersion = 10.0.40219.1
Project("{FAE04EC0-301F-11D3-BF4B-00C04F79EFBC}") = "HomeWork4", "HomeWork4\HomeWork4.csproj", "{FCDFC6BF-1849-4090-91DA-5469FDA3AB01}"
EndProject
Global
	GlobalSection(SolutionConfigurationPlatforms) = preSolution
		Debug|Any CPU = Debug|Any CPU
		Release|Any CPU = Release|Any CPU
	EndGlobalSection
	GlobalSection(ProjectConfigurationPlatforms) = postSolution
		{FCDFC6BF-1849-4090-91DA-5469FDA3AB01}.Debug|Any CPU.ActiveCfg = Debug|Any CPU
		{FCDFC6BF-1849-4090-91DA-5469FDA3AB01}.Debug|Any CPU.Build.0 = Debug|Any CPU
		{FCDFC6BF-1849-4090-91DA-5469FDA3AB01}.Release|Any CPU.ActiveCfg = Release|Any CPU
		{FCDFC6BF-1849-4090-91DA-5469FDA3AB01}.Release|Any CPU.Build.0 = Release|Any CPU
	EndGlobalSection
	GlobalSection(SolutionProperties) = preSolution
		HideSolutionNode = FALSE
	EndGlobalSection
	GlobalSection(ExtensibilityGlobals) = postSolution
		SolutionGuid = {18539AC5-5983-404F-A2E7-4FB7A29C9D25}
	EndGlobalSection
EndGlobal
